
Microsoft Visual Studio Solution File, Format Version 12.00
# Visual Studio Version 17
VisualStudioVersion = 17.11.35327.3
MinimumVisualStudioVersion = 10.0.40219.1
Project("{FAE04EC0-301F-11D3-BF4B-00C04F79EFBC}") = "TODO Application", "TODO Application\TODO Application.csproj", "{01797226-F2E1-435E-A676-30A864630CB6}"
EndProject
Global
	GlobalSection(SolutionConfigurationPlatforms) = preSolution
		Debug|Any CPU = Debug|Any CPU
		Release|Any CPU = Release|Any CPU
	EndGlobalSection
	GlobalSection(ProjectConfigurationPlatforms) = postSolution
		{01797226-F2E1-435E-A676-30A864630CB6}.Debug|Any CPU.ActiveCfg = Debug|Any CPU
		{01797226-F2E1-435E-A676-30A864630CB6}.Debug|Any CPU.Build.0 = Debug|Any CPU
		{01797226-F2E1-435E-A676-30A864630CB6}.Release|Any CPU.ActiveCfg = Release|Any CPU
		{01797226-F2E1-435E-A676-30A864630CB6}.Release|Any CPU.Build.0 = Release|Any CPU
	EndGlobalSection
	GlobalSection(SolutionProperties) = preSolution
		HideSolutionNode = FALSE
	EndGlobalSection
	GlobalSection(ExtensibilityGlobals) = postSolution
		SolutionGuid = {F68DE864-918E-416C-80D5-23AD16FC3513}
	EndGlobalSection
EndGlobal
